
Microsoft Visual Studio Solution File, Format Version 12.00
# Visual Studio Version 17
VisualStudioVersion = 17.3.32929.385
MinimumVisualStudioVersion = 10.0.40219.1
Project("{FAE04EC0-301F-11D3-BF4B-00C04F79EFBC}") = "CursoUdemyCSharp", "CursoUdemyCSharp.csproj", "{C38697B0-15AE-4F35-80EF-4B28581C7498}"
EndProject
Global
	GlobalSection(SolutionConfigurationPlatforms) = preSolution
		Debug|Any CPU = Debug|Any CPU
		Release|Any CPU = Release|Any CPU
	EndGlobalSection
	GlobalSection(ProjectConfigurationPlatforms) = postSolution
		{C38697B0-15AE-4F35-80EF-4B28581C7498}.Debug|Any CPU.ActiveCfg = Debug|Any CPU
		{C38697B0-15AE-4F35-80EF-4B28581C7498}.Debug|Any CPU.Build.0 = Debug|Any CPU
		{C38697B0-15AE-4F35-80EF-4B28581C7498}.Release|Any CPU.ActiveCfg = Release|Any CPU
		{C38697B0-15AE-4F35-80EF-4B28581C7498}.Release|Any CPU.Build.0 = Release|Any CPU
	EndGlobalSection
	GlobalSection(SolutionProperties) = preSolution
		HideSolutionNode = FALSE
	EndGlobalSection
	GlobalSection(ExtensibilityGlobals) = postSolution
		SolutionGuid = {5F99C8A0-C18D-4A86-B8F4-517A14E7F9E3}
	EndGlobalSection
EndGlobal
